
Microsoft Visual Studio Solution File, Format Version 12.00
Project("{FAE04EC0-301F-11D3-BF4B-00C04F79EFBC}") = "PictureDownLoadProject", "PictureDownLoadProject.csproj", "{B1C20E33-C30E-442C-89A8-6EF358232908}"
EndProject
Global
	GlobalSection(SolutionConfigurationPlatforms) = preSolution
		Debug|Any CPU = Debug|Any CPU
		Release|Any CPU = Release|Any CPU
	EndGlobalSection
	GlobalSection(ProjectConfigurationPlatforms) = postSolution
		{B1C20E33-C30E-442C-89A8-6EF358232908}.Debug|Any CPU.ActiveCfg = Debug|Any CPU
		{B1C20E33-C30E-442C-89A8-6EF358232908}.Debug|Any CPU.Build.0 = Debug|Any CPU
		{B1C20E33-C30E-442C-89A8-6EF358232908}.Release|Any CPU.ActiveCfg = Release|Any CPU
		{B1C20E33-C30E-442C-89A8-6EF358232908}.Release|Any CPU.Build.0 = Release|Any CPU
	EndGlobalSection
EndGlobal
